Microsoft Visual Studio Solution File, Format Version 12.00
# Visual Studio Version 17
VisualStudioVersion = 17.13.35818.85
MinimumVisualStudioVersion = 10.0.40219.1
Project("{8BC9CEB8-8B4A-11D0-8D11-00A0C91BC942}") = "dia 01", "dia 01.vcxproj", "{E2269458-EE13-46E6-BD96-77FBA010978F}"
EndProject
Global
	GlobalSection(SolutionConfigurationPlatforms) = preSolution
		Debug|x64 = Debug|x64
		Debug|x86 = Debug|x86
		Release|x64 = Release|x64
		Release|x86 = Release|x86
	EndGlobalSection
	GlobalSection(ProjectConfigurationPlatforms) = postSolution
		{E2269458-EE13-46E6-BD96-77FBA010978F}.Debug|x64.ActiveCfg = Debug|x64
		{E2269458-EE13-46E6-BD96-77FBA010978F}.Debug|x64.Build.0 = Debug|x64
		{E2269458-EE13-46E6-BD96-77FBA010978F}.Debug|x86.ActiveCfg = Debug|Win32
		{E2269458-EE13-46E6-BD96-77FBA010978F}.Debug|x86.Build.0 = Debug|Win32
		{E2269458-EE13-46E6-BD96-77FBA010978F}.Release|x64.ActiveCfg = Release|x64
		{E2269458-EE13-46E6-BD96-77FBA010978F}.Release|x64.Build.0 = Release|x64
		{E2269458-EE13-46E6-BD96-77FBA010978F}.Release|x86.ActiveCfg = Release|Win32
		{E2269458-EE13-46E6-BD96-77FBA010978F}.Release|x86.Build.0 = Release|Win32
	EndGlobalSection
	GlobalSection(SolutionProperties) = preSolution
		HideSolutionNode = FALSE
	EndGlobalSection
	GlobalSection(ExtensibilityGlobals) = postSolution
		SolutionGuid = {8A7ABF73-CE93-412F-AA4A-046D02E3F788}
	EndGlobalSection
EndGlobal
