
Microsoft Visual Studio Solution File, Format Version 12.00
# Visual Studio Version 17
VisualStudioVersion = 17.13.35818.85
MinimumVisualStudioVersion = 10.0.40219.1
Project("{8BC9CEB8-8B4A-11D0-8D11-00A0C91BC942}") = "상품관리 프로그램", "상품관리 프로그램.vcxproj", "{BA25CF35-8515-4029-A542-EA382166364A}"
EndProject
Global
	GlobalSection(SolutionConfigurationPlatforms) = preSolution
		Debug|x64 = Debug|x64
		Debug|x86 = Debug|x86
		Release|x64 = Release|x64
		Release|x86 = Release|x86
	EndGlobalSection
	GlobalSection(ProjectConfigurationPlatforms) = postSolution
		{BA25CF35-8515-4029-A542-EA382166364A}.Debug|x64.ActiveCfg = Debug|x64
		{BA25CF35-8515-4029-A542-EA382166364A}.Debug|x64.Build.0 = Debug|x64
		{BA25CF35-8515-4029-A542-EA382166364A}.Debug|x86.ActiveCfg = Debug|Win32
		{BA25CF35-8515-4029-A542-EA382166364A}.Debug|x86.Build.0 = Debug|Win32
		{BA25CF35-8515-4029-A542-EA382166364A}.Release|x64.ActiveCfg = Release|x64
		{BA25CF35-8515-4029-A542-EA382166364A}.Release|x64.Build.0 = Release|x64
		{BA25CF35-8515-4029-A542-EA382166364A}.Release|x86.ActiveCfg = Release|Win32
		{BA25CF35-8515-4029-A542-EA382166364A}.Release|x86.Build.0 = Release|Win32
	EndGlobalSection
	GlobalSection(SolutionProperties) = preSolution
		HideSolutionNode = FALSE
	EndGlobalSection
	GlobalSection(ExtensibilityGlobals) = postSolution
		SolutionGuid = {02E383B1-5181-4A68-8FD5-D6C4642C298B}
	EndGlobalSection
EndGlobal
