Microsoft Visual Studio Solution File, Format Version 12.00
# Visual Studio Version 17
VisualStudioVersion = 17.13.35818.85
MinimumVisualStudioVersion = 10.0.40219.1
Project("{8BC9CEB8-8B4A-11D0-8D11-00A0C91BC942}") = "Banking System Version 1.0", "Banking System Version 1.0.vcxproj", "{12A7928A-A633-4BDF-A001-83BA2E0F977A}"
EndProject
Global
	GlobalSection(SolutionConfigurationPlatforms) = preSolution
		Debug|x64 = Debug|x64
		Debug|x86 = Debug|x86
		Release|x64 = Release|x64
		Release|x86 = Release|x86
	EndGlobalSection
	GlobalSection(ProjectConfigurationPlatforms) = postSolution
		{12A7928A-A633-4BDF-A001-83BA2E0F977A}.Debug|x64.ActiveCfg = Debug|x64
		{12A7928A-A633-4BDF-A001-83BA2E0F977A}.Debug|x64.Build.0 = Debug|x64
		{12A7928A-A633-4BDF-A001-83BA2E0F977A}.Debug|x86.ActiveCfg = Debug|Win32
		{12A7928A-A633-4BDF-A001-83BA2E0F977A}.Debug|x86.Build.0 = Debug|Win32
		{12A7928A-A633-4BDF-A001-83BA2E0F977A}.Release|x64.ActiveCfg = Release|x64
		{12A7928A-A633-4BDF-A001-83BA2E0F977A}.Release|x64.Build.0 = Release|x64
		{12A7928A-A633-4BDF-A001-83BA2E0F977A}.Release|x86.ActiveCfg = Release|Win32
		{12A7928A-A633-4BDF-A001-83BA2E0F977A}.Release|x86.Build.0 = Release|Win32
	EndGlobalSection
	GlobalSection(SolutionProperties) = preSolution
		HideSolutionNode = FALSE
	EndGlobalSection
	GlobalSection(ExtensibilityGlobals) = postSolution
		SolutionGuid = {83482BB4-5DBD-4986-A277-9C08EC8B6867}
	EndGlobalSection
EndGlobal
